
Microsoft Visual Studio Solution File, Format Version 12.00
Project("{FAE04EC0-301F-11D3-BF4B-00C04F79EFBC}") = "Lab5", "Lab5\Lab5.csproj", "{B476B230-BA1B-466A-92AE-6D07968EF6AA}"
EndProject
Global
	GlobalSection(SolutionConfigurationPlatforms) = preSolution
		Debug|Any CPU = Debug|Any CPU
		Release|Any CPU = Release|Any CPU
	EndGlobalSection
	GlobalSection(ProjectConfigurationPlatforms) = postSolution
		{B476B230-BA1B-466A-92AE-6D07968EF6AA}.Debug|Any CPU.ActiveCfg = Debug|Any CPU
		{B476B230-BA1B-466A-92AE-6D07968EF6AA}.Debug|Any CPU.Build.0 = Debug|Any CPU
		{B476B230-BA1B-466A-92AE-6D07968EF6AA}.Release|Any CPU.ActiveCfg = Release|Any CPU
		{B476B230-BA1B-466A-92AE-6D07968EF6AA}.Release|Any CPU.Build.0 = Release|Any CPU
	EndGlobalSection
EndGlobal
